
Microsoft Visual Studio Solution File, Format Version 11.00
# Visual Studio 2010
Project("{FAE04EC0-301F-11D3-BF4B-00C04F79EFBC}") = "CinemachineFun", "Assembly-CSharp.csproj", "{886DCCCF-55B8-EB19-DC59-704BB7DFA445}"
EndProject
Project("{FAE04EC0-301F-11D3-BF4B-00C04F79EFBC}") = "CinemachineFun", "Assembly-CSharp-Editor.csproj", "{D19E422B-343B-C909-9732-9E3A7D025A86}"
EndProject
Global
	GlobalSection(SolutionConfigurationPlatforms) = preSolution
		Debug|Any CPU = Debug|Any CPU
		Release|Any CPU = Release|Any CPU
	EndGlobalSection
	GlobalSection(ProjectConfigurationPlatforms) = postSolution
		{886DCCCF-55B8-EB19-DC59-704BB7DFA445}.Debug|Any CPU.ActiveCfg = Debug|Any CPU
		{886DCCCF-55B8-EB19-DC59-704BB7DFA445}.Debug|Any CPU.Build.0 = Debug|Any CPU
		{886DCCCF-55B8-EB19-DC59-704BB7DFA445}.Release|Any CPU.ActiveCfg = Release|Any CPU
		{886DCCCF-55B8-EB19-DC59-704BB7DFA445}.Release|Any CPU.Build.0 = Release|Any CPU
		{D19E422B-343B-C909-9732-9E3A7D025A86}.Debug|Any CPU.ActiveCfg = Debug|Any CPU
		{D19E422B-343B-C909-9732-9E3A7D025A86}.Debug|Any CPU.Build.0 = Debug|Any CPU
		{D19E422B-343B-C909-9732-9E3A7D025A86}.Release|Any CPU.ActiveCfg = Release|Any CPU
		{D19E422B-343B-C909-9732-9E3A7D025A86}.Release|Any CPU.Build.0 = Release|Any CPU
	EndGlobalSection
	GlobalSection(SolutionProperties) = preSolution
		HideSolutionNode = FALSE
	EndGlobalSection
	GlobalSection(MonoDevelopProperties) = preSolution
		StartupItem = Assembly-CSharp.csproj
	EndGlobalSection
EndGlobal
